PODS:
  - Bugly (2.4.6)
  - FMDB (2.6.2):
    - FMDB/standard (= 2.6.2)
  - FMDB/standard (2.6.2)
  - GYDataCenter (0.1.1):
    - FMDB
  - UMengUShare/Core (6.3.0):
    - UMengUShare/Network
  - UMengUShare/Network (6.3.0)
  - UMengUShare/Social/QQ (6.3.0):
    - UMengUShare/Core
  - UMengUShare/Social/Sina (6.3.0):
    - UMengUShare/Core
  - UMengUShare/Social/WeChat (6.3.0):
    - UMengUShare/Core

DEPENDENCIES:
  - Bugly
  - GYDataCenter
  - UMengUShare/Social/QQ
  - UMengUShare/Social/Sina
  - UMengUShare/Social/WeChat

SPEC CHECKSUMS:
  Bugly: 7756e72c59387b0d490f46e83ab458ae94ee7fba
  FMDB: 854a0341b4726e53276f2a8996f06f1b80f9259a
  GYDataCenter: 620dc2564589f50d2370a691303e0d7215f7c0af
  UMengUShare: b208ac3bcf1f63d11a100b359990e9d77a0f2085

PODFILE CHECKSUM: 0b4e11d146879b2b561b0722d8a62205453af843

COCOAPODS: 1.2.0.beta.1
