PODS:
  - FMDB (2.6.2):
    - FMDB/standard (= 2.6.2)
  - FMDB/standard (2.6.2)
  - GYDataCenter (0.1.1):
    - FMDB
  - UMengUShare/Core (6.3.0):
    - UMengUShare/Network
  - UMengUShare/Network (6.3.0)
  - UMengUShare/Social/WeChat (6.3.0):
    - UMengUShare/Core

DEPENDENCIES:
  - GYDataCenter
  - UMengUShare/Social/WeChat

SPEC CHECKSUMS:
  FMDB: 854a0341b4726e53276f2a8996f06f1b80f9259a
  GYDataCenter: 620dc2564589f50d2370a691303e0d7215f7c0af
  UMengUShare: b208ac3bcf1f63d11a100b359990e9d77a0f2085

PODFILE CHECKSUM: 78eccfd8b64651391ac58e8f57b28517093886b5

COCOAPODS: 1.2.1.beta.1
