// !$*UTF8*$!
{
	archiveVersion = 1;
	classes = {
	};
	objectVersion = 46;
	objects = {

/* Begin PBXBuildFile section */
		864921DD1E72541E00D6547E /* DGDataModel.swift in Sources */ = {isa = PBXBuildFile; fileRef = 864921DC1E72541E00D6547E /* DGDataModel.swift */; };
		864921DF1E72A9BF00D6547E /* NodeTextParser.swift in Sources */ = {isa = PBXBuildFile; fileRef = 864921DE1E72A9BF00D6547E /* NodeTextParser.swift */; };
		864921F61E731E9D00D6547E /* UIBarButtonItem+Reactive.swift in Sources */ = {isa = PBXBuildFile; fileRef = 864921F51E731E9D00D6547E /* UIBarButtonItem+Reactive.swift */; };
		864921FA1E7546A800D6547E /* NodeTextView.swift in Sources */ = {isa = PBXBuildFile; fileRef = 864921F91E7546A800D6547E /* NodeTextView.swift */; };
		86544C661E763C060018679A /* NodeHeadImageTableViewCell.swift in Sources */ = {isa = PBXBuildFile; fileRef = 86544C651E763C060018679A /* NodeHeadImageTableViewCell.swift */; };
		86544C681E763C820018679A /* NodeEditTableViewCell.swift in Sources */ = {isa = PBXBuildFile; fileRef = 86544C671E763C820018679A /* NodeEditTableViewCell.swift */; };
		8675B45D1E716B6E0011CD19 /* DGAlertController.swift in Sources */ = {isa = PBXBuildFile; fileRef = 8675B45C1E716B6E0011CD19 /* DGAlertController.swift */; };
		8675B45F1E716B970011CD19 /* DGAlertViewModel.swift in Sources */ = {isa = PBXBuildFile; fileRef = 8675B45E1E716B970011CD19 /* DGAlertViewModel.swift */; };
		8675B4641E71BCE90011CD19 /* NodeToolBarView.swift in Sources */ = {isa = PBXBuildFile; fileRef = 8675B4631E71BCE80011CD19 /* NodeToolBarView.swift */; };
		867844001E70432900177660 /* AppDelegate.swift in Sources */ = {isa = PBXBuildFile; fileRef = 867843FF1E70432900177660 /* AppDelegate.swift */; };
		867844021E70432900177660 /* DGViewController.swift in Sources */ = {isa = PBXBuildFile; fileRef = 867844011E70432900177660 /* DGViewController.swift */; };
		867844071E70432900177660 /* Assets.xcassets in Resources */ = {isa = PBXBuildFile; fileRef = 867844061E70432900177660 /* Assets.xcassets */; };
		8678440A1E70432900177660 /* LaunchScreen.storyboard in Resources */ = {isa = PBXBuildFile; fileRef = 867844081E70432900177660 /* LaunchScreen.storyboard */; };
		8678441C1E70FA7F00177660 /* UIView+Frame.swift in Sources */ = {isa = PBXBuildFile; fileRef = 8678441B1E70FA7F00177660 /* UIView+Frame.swift */; };
		8678441E1E70FC1E00177660 /* UIImage+Color.swift in Sources */ = {isa = PBXBuildFile; fileRef = 8678441D1E70FC1E00177660 /* UIImage+Color.swift */; };
		867844211E70FD7300177660 /* DGTabBarController.swift in Sources */ = {isa = PBXBuildFile; fileRef = 867844201E70FD7300177660 /* DGTabBarController.swift */; };
		867844241E70FE6C00177660 /* NodeListViewController.swift in Sources */ = {isa = PBXBuildFile; fileRef = 867844231E70FE6C00177660 /* NodeListViewController.swift */; };
		867844271E70FEAA00177660 /* ViewModelService.swift in Sources */ = {isa = PBXBuildFile; fileRef = 867844261E70FEAA00177660 /* ViewModelService.swift */; };
		867844291E70FEC300177660 /* ViewModelServiceImpl.swift in Sources */ = {isa = PBXBuildFile; fileRef = 867844281E70FEC300177660 /* ViewModelServiceImpl.swift */; };
		8678442B1E70FEE600177660 /* ViewModelProtocol.swift in Sources */ = {isa = PBXBuildFile; fileRef = 8678442A1E70FEE600177660 /* ViewModelProtocol.swift */; };
		867844311E70FF6D00177660 /* NodeListViewModel.swift in Sources */ = {isa = PBXBuildFile; fileRef = 867844301E70FF6D00177660 /* NodeListViewModel.swift */; };
		867844351E71045F00177660 /* Service.swift in Sources */ = {isa = PBXBuildFile; fileRef = 867844341E71045F00177660 /* Service.swift */; };
		867844431E71065C00177660 /* PureLayout.framework in Frameworks */ = {isa = PBXBuildFile; fileRef = 867844381E71065C00177660 /* PureLayout.framework */; };
		867844441E71065C00177660 /* ReactiveCocoa.framework in Frameworks */ = {isa = PBXBuildFile; fileRef = 867844391E71065C00177660 /* ReactiveCocoa.framework */; };
		867844451E71065C00177660 /* ReactiveSwift.framework in Frameworks */ = {isa = PBXBuildFile; fileRef = 8678443A1E71065C00177660 /* ReactiveSwift.framework */; };
		867844461E71065C00177660 /* Result.framework in Frameworks */ = {isa = PBXBuildFile; fileRef = 8678443B1E71065C00177660 /* Result.framework */; };
		867844481E71065C00177660 /* SVProgressHUD.framework in Frameworks */ = {isa = PBXBuildFile; fileRef = 8678443D1E71065C00177660 /* SVProgressHUD.framework */; };
		867844491E71065C00177660 /* SwiftHEXColors.framework in Frameworks */ = {isa = PBXBuildFile; fileRef = 8678443E1E71065C00177660 /* SwiftHEXColors.framework */; };
		8678444A1E71065C00177660 /* TBActionSheetKit.framework in Frameworks */ = {isa = PBXBuildFile; fileRef = 8678443F1E71065C00177660 /* TBActionSheetKit.framework */; };
		8678444B1E71065C00177660 /* YYText.framework in Frameworks */ = {isa = PBXBuildFile; fileRef = 867844401E71065C00177660 /* YYText.framework */; };
		8678444F1E71089700177660 /* NodeModel.swift in Sources */ = {isa = PBXBuildFile; fileRef = 8678444E1E71089700177660 /* NodeModel.swift */; };
		867844511E7109B500177660 /* UITableView+Extension.swift in Sources */ = {isa = PBXBuildFile; fileRef = 867844501E7109B500177660 /* UITableView+Extension.swift */; };
		867844541E710AC500177660 /* NodeListTableViewCell.swift in Sources */ = {isa = PBXBuildFile; fileRef = 867844531E710AC500177660 /* NodeListTableViewCell.swift */; };
		867844561E710C0D00177660 /* DGTabBarViewModel.swift in Sources */ = {isa = PBXBuildFile; fileRef = 867844551E710C0D00177660 /* DGTabBarViewModel.swift */; };
		867844581E711C2F00177660 /* NodeListHeaderView.swift in Sources */ = {isa = PBXBuildFile; fileRef = 867844571E711C2F00177660 /* NodeListHeaderView.swift */; };
		8678445A1E71203700177660 /* NodeDetailViewController.swift in Sources */ = {isa = PBXBuildFile; fileRef = 867844591E71203700177660 /* NodeDetailViewController.swift */; };
		8678445C1E71204C00177660 /* NodeDetailViewModel.swift in Sources */ = {isa = PBXBuildFile; fileRef = 8678445B1E71204C00177660 /* NodeDetailViewModel.swift */; };
		8678445E1E71287200177660 /* NodeDetailView.swift in Sources */ = {isa = PBXBuildFile; fileRef = 8678445D1E71287200177660 /* NodeDetailView.swift */; };
		867844601E7128A300177660 /* NodeHeadImageView.swift in Sources */ = {isa = PBXBuildFile; fileRef = 8678445F1E7128A300177660 /* NodeHeadImageView.swift */; };
		867844621E712F6400177660 /* NodeDetailActionButtonsView.swift in Sources */ = {isa = PBXBuildFile; fileRef = 867844611E712F6400177660 /* NodeDetailActionButtonsView.swift */; };
		86B8611B1E7143CD00BC22C6 /* DGImagePickerController.swift in Sources */ = {isa = PBXBuildFile; fileRef = 86B8611A1E7143CD00BC22C6 /* DGImagePickerController.swift */; };
		86B8611D1E7143F000BC22C6 /* DGImagePickerViewModel.swift in Sources */ = {isa = PBXBuildFile; fileRef = 86B8611C1E7143F000BC22C6 /* DGImagePickerViewModel.swift */; };
		86B861211E71464800BC22C6 /* ShareBoardItem.swift in Sources */ = {isa = PBXBuildFile; fileRef = 86B861201E71464800BC22C6 /* ShareBoardItem.swift */; };
		86B861231E71465900BC22C6 /* ShareBoardView.swift in Sources */ = {isa = PBXBuildFile; fileRef = 86B861221E71465900BC22C6 /* ShareBoardView.swift */; };
		86B861251E714D5400BC22C6 /* NodeEditViewController.swift in Sources */ = {isa = PBXBuildFile; fileRef = 86B861241E714D5400BC22C6 /* NodeEditViewController.swift */; };
		86B861271E714D6E00BC22C6 /* NodeEditViewModel.swift in Sources */ = {isa = PBXBuildFile; fileRef = 86B861261E714D6E00BC22C6 /* NodeEditViewModel.swift */; };
		EC5BC7F77FD93FB898075A77 /* Pods_DGNode.framework in Frameworks */ = {isa = PBXBuildFile; fileRef = 45827BEF82458EC08F462681 /* Pods_DGNode.framework */; };
/* End PBXBuildFile section */

/* Begin PBXFileReference section */
		33858D484A3D94C8F9C4FFCF /* Pods-DGNode.debug.xcconfig */ = {isa = PBXFileReference; includeInIndex = 1; lastKnownFileType = text.xcconfig; name = "Pods-DGNode.debug.xcconfig"; path = "Pods/Target Support Files/Pods-DGNode/Pods-DGNode.debug.xcconfig"; sourceTree = "<group>"; };
		45827BEF82458EC08F462681 /* Pods_DGNode.framework */ = {isa = PBXFileReference; explicitFileType = wrapper.framework; includeInIndex = 0; path = Pods_DGNode.framework; sourceTree = BUILT_PRODUCTS_DIR; };
		864921DC1E72541E00D6547E /* DGDataModel.swift */ = {isa = PBXFileReference; fileEncoding = 4; lastKnownFileType = sourcecode.swift; path = DGDataModel.swift; sourceTree = "<group>"; };
		864921DE1E72A9BF00D6547E /* NodeTextParser.swift */ = {isa = PBXFileReference; fileEncoding = 4; lastKnownFileType = sourcecode.swift; path = NodeTextParser.swift; sourceTree = "<group>"; };
		864921F51E731E9D00D6547E /* UIBarButtonItem+Reactive.swift */ = {isa = PBXFileReference; fileEncoding = 4; lastKnownFileType = sourcecode.swift; path = "UIBarButtonItem+Reactive.swift"; sourceTree = "<group>"; };
		864921F91E7546A800D6547E /* NodeTextView.swift */ = {isa = PBXFileReference; fileEncoding = 4; lastKnownFileType = sourcecode.swift; path = NodeTextView.swift; sourceTree = "<group>"; };
		86544C651E763C060018679A /* NodeHeadImageTableViewCell.swift */ = {isa = PBXFileReference; fileEncoding = 4; lastKnownFileType = sourcecode.swift; path = NodeHeadImageTableViewCell.swift; sourceTree = "<group>"; };
		86544C671E763C820018679A /* NodeEditTableViewCell.swift */ = {isa = PBXFileReference; fileEncoding = 4; lastKnownFileType = sourcecode.swift; path = NodeEditTableViewCell.swift; sourceTree = "<group>"; };
		8675B45C1E716B6E0011CD19 /* DGAlertController.swift */ = {isa = PBXFileReference; fileEncoding = 4; lastKnownFileType = sourcecode.swift; path = DGAlertController.swift; sourceTree = "<group>"; };
		8675B45E1E716B970011CD19 /* DGAlertViewModel.swift */ = {isa = PBXFileReference; fileEncoding = 4; lastKnownFileType = sourcecode.swift; path = DGAlertViewModel.swift; sourceTree = "<group>"; };
		8675B4631E71BCE80011CD19 /* NodeToolBarView.swift */ = {isa = PBXFileReference; fileEncoding = 4; lastKnownFileType = sourcecode.swift; path = NodeToolBarView.swift; sourceTree = "<group>"; };
		867843FC1E70432900177660 /* DGNode.app */ = {isa = PBXFileReference; explicitFileType = wrapper.application; includeInIndex = 0; path = DGNode.app; sourceTree = BUILT_PRODUCTS_DIR; };
		867843FF1E70432900177660 /* AppDelegate.swift */ = {isa = PBXFileReference; lastKnownFileType = sourcecode.swift; path = AppDelegate.swift; sourceTree = "<group>"; };
		867844011E70432900177660 /* DGViewController.swift */ = {isa = PBXFileReference; lastKnownFileType = sourcecode.swift; path = DGViewController.swift; sourceTree = "<group>"; };
		867844061E70432900177660 /* Assets.xcassets */ = {isa = PBXFileReference; lastKnownFileType = folder.assetcatalog; path = Assets.xcassets; sourceTree = "<group>"; };
		867844091E70432900177660 /* Base */ = {isa = PBXFileReference; lastKnownFileType = file.storyboard; name = Base; path = Base.lproj/LaunchScreen.storyboard; sourceTree = "<group>"; };
		8678440B1E70432900177660 /* Info.plist */ = {isa = PBXFileReference; lastKnownFileType = text.plist.xml; path = Info.plist; sourceTree = "<group>"; };
		867844111E70631C00177660 /* DGNode-Bridging-Header.h */ = {isa = PBXFileReference; lastKnownFileType = sourcecode.c.h; path = "DGNode-Bridging-Header.h"; sourceTree = "<group>"; };
		8678441B1E70FA7F00177660 /* UIView+Frame.swift */ = {isa = PBXFileReference; fileEncoding = 4; lastKnownFileType = sourcecode.swift; path = "UIView+Frame.swift"; sourceTree = "<group>"; };
		8678441D1E70FC1E00177660 /* UIImage+Color.swift */ = {isa = PBXFileReference; fileEncoding = 4; lastKnownFileType = sourcecode.swift; path = "UIImage+Color.swift"; sourceTree = "<group>"; };
		867844201E70FD7300177660 /* DGTabBarController.swift */ = {isa = PBXFileReference; fileEncoding = 4; lastKnownFileType = sourcecode.swift; path = DGTabBarController.swift; sourceTree = "<group>"; };
		867844231E70FE6C00177660 /* NodeListViewController.swift */ = {isa = PBXFileReference; fileEncoding = 4; lastKnownFileType = sourcecode.swift; path = NodeListViewController.swift; sourceTree = "<group>"; };
		867844261E70FEAA00177660 /* ViewModelService.swift */ = {isa = PBXFileReference; fileEncoding = 4; lastKnownFileType = sourcecode.swift; path = ViewModelService.swift; sourceTree = "<group>"; };
		867844281E70FEC300177660 /* ViewModelServiceImpl.swift */ = {isa = PBXFileReference; fileEncoding = 4; lastKnownFileType = sourcecode.swift; path = ViewModelServiceImpl.swift; sourceTree = "<group>"; };
		8678442A1E70FEE600177660 /* ViewModelProtocol.swift */ = {isa = PBXFileReference; fileEncoding = 4; lastKnownFileType = sourcecode.swift; path = ViewModelProtocol.swift; sourceTree = "<group>"; };
		867844301E70FF6D00177660 /* NodeListViewModel.swift */ = {isa = PBXFileReference; fileEncoding = 4; lastKnownFileType = sourcecode.swift; path = NodeListViewModel.swift; sourceTree = "<group>"; };
		867844341E71045F00177660 /* Service.swift */ = {isa = PBXFileReference; fileEncoding = 4; lastKnownFileType = sourcecode.swift; path = Service.swift; sourceTree = "<group>"; };
		867844361E71065C00177660 /* Alamofire.framework */ = {isa = PBXFileReference; lastKnownFileType = wrapper.framework; name = Alamofire.framework; path = Carthage/Build/iOS/Alamofire.framework; sourceTree = "<group>"; };
		867844371E71065C00177660 /* HandyJSON.framework */ = {isa = PBXFileReference; lastKnownFileType = wrapper.framework; name = HandyJSON.framework; path = Carthage/Build/iOS/HandyJSON.framework; sourceTree = "<group>"; };
		867844381E71065C00177660 /* PureLayout.framework */ = {isa = PBXFileReference; lastKnownFileType = wrapper.framework; name = PureLayout.framework; path = Carthage/Build/iOS/PureLayout.framework; sourceTree = "<group>"; };
		867844391E71065C00177660 /* ReactiveCocoa.framework */ = {isa = PBXFileReference; lastKnownFileType = wrapper.framework; name = ReactiveCocoa.framework; path = Carthage/Build/iOS/ReactiveCocoa.framework; sourceTree = "<group>"; };
		8678443A1E71065C00177660 /* ReactiveSwift.framework */ = {isa = PBXFileReference; lastKnownFileType = wrapper.framework; name = ReactiveSwift.framework; path = Carthage/Build/iOS/ReactiveSwift.framework; sourceTree = "<group>"; };
		8678443B1E71065C00177660 /* Result.framework */ = {isa = PBXFileReference; lastKnownFileType = wrapper.framework; name = Result.framework; path = Carthage/Build/iOS/Result.framework; sourceTree = "<group>"; };
		8678443C1E71065C00177660 /* SDWebImage.framework */ = {isa = PBXFileReference; lastKnownFileType = wrapper.framework; name = SDWebImage.framework; path = Carthage/Build/iOS/SDWebImage.framework; sourceTree = "<group>"; };
		8678443D1E71065C00177660 /* SVProgressHUD.framework */ = {isa = PBXFileReference; lastKnownFileType = wrapper.framework; name = SVProgressHUD.framework; path = Carthage/Build/iOS/SVProgressHUD.framework; sourceTree = "<group>"; };
		8678443E1E71065C00177660 /* SwiftHEXColors.framework */ = {isa = PBXFileReference; lastKnownFileType = wrapper.framework; name = SwiftHEXColors.framework; path = Carthage/Build/iOS/SwiftHEXColors.framework; sourceTree = "<group>"; };
		8678443F1E71065C00177660 /* TBActionSheetKit.framework */ = {isa = PBXFileReference; lastKnownFileType = wrapper.framework; name = TBActionSheetKit.framework; path = Carthage/Build/iOS/TBActionSheetKit.framework; sourceTree = "<group>"; };
		867844401E71065C00177660 /* YYText.framework */ = {isa = PBXFileReference; lastKnownFileType = wrapper.framework; name = YYText.framework; path = Carthage/Build/iOS/YYText.framework; sourceTree = "<group>"; };
		8678444E1E71089700177660 /* NodeModel.swift */ = {isa = PBXFileReference; fileEncoding = 4; lastKnownFileType = sourcecode.swift; path = NodeModel.swift; sourceTree = "<group>"; };
		867844501E7109B500177660 /* UITableView+Extension.swift */ = {isa = PBXFileReference; fileEncoding = 4; lastKnownFileType = sourcecode.swift; path = "UITableView+Extension.swift"; sourceTree = "<group>"; };
		867844531E710AC500177660 /* NodeListTableViewCell.swift */ = {isa = PBXFileReference; fileEncoding = 4; lastKnownFileType = sourcecode.swift; path = NodeListTableViewCell.swift; sourceTree = "<group>"; };
		867844551E710C0D00177660 /* DGTabBarViewModel.swift */ = {isa = PBXFileReference; fileEncoding = 4; lastKnownFileType = sourcecode.swift; path = DGTabBarViewModel.swift; sourceTree = "<group>"; };
		867844571E711C2F00177660 /* NodeListHeaderView.swift */ = {isa = PBXFileReference; fileEncoding = 4; lastKnownFileType = sourcecode.swift; path = NodeListHeaderView.swift; sourceTree = "<group>"; };
		867844591E71203700177660 /* NodeDetailViewController.swift */ = {isa = PBXFileReference; fileEncoding = 4; lastKnownFileType = sourcecode.swift; path = NodeDetailViewController.swift; sourceTree = "<group>"; };
		8678445B1E71204C00177660 /* NodeDetailViewModel.swift */ = {isa = PBXFileReference; fileEncoding = 4; lastKnownFileType = sourcecode.swift; path = NodeDetailViewModel.swift; sourceTree = "<group>"; };
		8678445D1E71287200177660 /* NodeDetailView.swift */ = {isa = PBXFileReference; fileEncoding = 4; lastKnownFileType = sourcecode.swift; path = NodeDetailView.swift; sourceTree = "<group>"; };
		8678445F1E7128A300177660 /* NodeHeadImageView.swift */ = {isa = PBXFileReference; fileEncoding = 4; lastKnownFileType = sourcecode.swift; path = NodeHeadImageView.swift; sourceTree = "<group>"; };
		867844611E712F6400177660 /* NodeDetailActionButtonsView.swift */ = {isa = PBXFileReference; fileEncoding = 4; lastKnownFileType = sourcecode.swift; path = NodeDetailActionButtonsView.swift; sourceTree = "<group>"; };
		86B8611A1E7143CD00BC22C6 /* DGImagePickerController.swift */ = {isa = PBXFileReference; fileEncoding = 4; lastKnownFileType = sourcecode.swift; path = DGImagePickerController.swift; sourceTree = "<group>"; };
		86B8611C1E7143F000BC22C6 /* DGImagePickerViewModel.swift */ = {isa = PBXFileReference; fileEncoding = 4; lastKnownFileType = sourcecode.swift; path = DGImagePickerViewModel.swift; sourceTree = "<group>"; };
		86B861201E71464800BC22C6 /* ShareBoardItem.swift */ = {isa = PBXFileReference; fileEncoding = 4; lastKnownFileType = sourcecode.swift; path = ShareBoardItem.swift; sourceTree = "<group>"; };
		86B861221E71465900BC22C6 /* ShareBoardView.swift */ = {isa = PBXFileReference; fileEncoding = 4; lastKnownFileType = sourcecode.swift; path = ShareBoardView.swift; sourceTree = "<group>"; };
		86B861241E714D5400BC22C6 /* NodeEditViewController.swift */ = {isa = PBXFileReference; fileEncoding = 4; lastKnownFileType = sourcecode.swift; path = NodeEditViewController.swift; sourceTree = "<group>"; };
		86B861261E714D6E00BC22C6 /* NodeEditViewModel.swift */ = {isa = PBXFileReference; fileEncoding = 4; lastKnownFileType = sourcecode.swift; path = NodeEditViewModel.swift; sourceTree = "<group>"; };
		B73DB72CD68CA64A26F492B7 /* Pods-DGNode.release.xcconfig */ = {isa = PBXFileReference; includeInIndex = 1; lastKnownFileType = text.xcconfig; name = "Pods-DGNode.release.xcconfig"; path = "Pods/Target Support Files/Pods-DGNode/Pods-DGNode.release.xcconfig"; sourceTree = "<group>"; };
/* End PBXFileReference section */

/* Begin PBXFrameworksBuildPhase section */
		867843F91E70432900177660 /* Frameworks */ = {
			isa = PBXFrameworksBuildPhase;
			buildActionMask = 2147483647;
			files = (
				867844431E71065C00177660 /* PureLayout.framework in Frameworks */,
				867844441E71065C00177660 /* ReactiveCocoa.framework in Frameworks */,
				867844451E71065C00177660 /* ReactiveSwift.framework in Frameworks */,
				867844461E71065C00177660 /* Result.framework in Frameworks */,
				867844481E71065C00177660 /* SVProgressHUD.framework in Frameworks */,
				867844491E71065C00177660 /* SwiftHEXColors.framework in Frameworks */,
				8678444A1E71065C00177660 /* TBActionSheetKit.framework in Frameworks */,
				8678444B1E71065C00177660 /* YYText.framework in Frameworks */,
				EC5BC7F77FD93FB898075A77 /* Pods_DGNode.framework in Frameworks */,
			);
			runOnlyForDeploymentPostprocessing = 0;
		};
/* End PBXFrameworksBuildPhase section */

/* Begin PBXGroup section */
		09871983ED945BA3F0A09990 /* Pods */ = {
			isa = PBXGroup;
			children = (
				33858D484A3D94C8F9C4FFCF /* Pods-DGNode.debug.xcconfig */,
				B73DB72CD68CA64A26F492B7 /* Pods-DGNode.release.xcconfig */,
			);
			name = Pods;
			sourceTree = "<group>";
		};
		3038FF54D3CE9B611EBF48E7 /* Frameworks */ = {
			isa = PBXGroup;
			children = (
				867844361E71065C00177660 /* Alamofire.framework */,
				867844371E71065C00177660 /* HandyJSON.framework */,
				867844381E71065C00177660 /* PureLayout.framework */,
				867844391E71065C00177660 /* ReactiveCocoa.framework */,
				8678443A1E71065C00177660 /* ReactiveSwift.framework */,
				8678443B1E71065C00177660 /* Result.framework */,
				8678443C1E71065C00177660 /* SDWebImage.framework */,
				8678443D1E71065C00177660 /* SVProgressHUD.framework */,
				8678443E1E71065C00177660 /* SwiftHEXColors.framework */,
				8678443F1E71065C00177660 /* TBActionSheetKit.framework */,
				867844401E71065C00177660 /* YYText.framework */,
				45827BEF82458EC08F462681 /* Pods_DGNode.framework */,
			);
			name = Frameworks;
			sourceTree = "<group>";
		};
		864921DB1E72540800D6547E /* Common */ = {
			isa = PBXGroup;
			children = (
				864921DC1E72541E00D6547E /* DGDataModel.swift */,
			);
			name = Common;
			sourceTree = "<group>";
		};
		8675B4601E71AED50011CD19 /* Common */ = {
			isa = PBXGroup;
			children = (
			);
			name = Common;
			sourceTree = "<group>";
		};
		867843F31E70432900177660 = {
			isa = PBXGroup;
			children = (
				867843FE1E70432900177660 /* DGNode */,
				867843FD1E70432900177660 /* Products */,
				09871983ED945BA3F0A09990 /* Pods */,
				3038FF54D3CE9B611EBF48E7 /* Frameworks */,
			);
			sourceTree = "<group>";
		};
		867843FD1E70432900177660 /* Products */ = {
			isa = PBXGroup;
			children = (
				867843FC1E70432900177660 /* DGNode.app */,
			);
			name = Products;
			sourceTree = "<group>";
		};
		867843FE1E70432900177660 /* DGNode */ = {
			isa = PBXGroup;
			children = (
				867844251E70FE8600177660 /* Service */,
				867844151E70FA0500177660 /* Controller */,
				867844171E70FA1200177660 /* ViewModel */,
				867844161E70FA0D00177660 /* View */,
				867844181E70FA1800177660 /* Model */,
				8678441A1E70FA3400177660 /* Extension */,
				867844191E70FA2900177660 /* Other */,
			);
			path = DGNode;
			sourceTree = "<group>";
		};
		867844151E70FA0500177660 /* Controller */ = {
			isa = PBXGroup;
			children = (
				867844221E70FD7C00177660 /* Node */,
				8678441F1E70FD4300177660 /* Common */,
			);
			name = Controller;
			sourceTree = "<group>";
		};
		867844161E70FA0D00177660 /* View */ = {
			isa = PBXGroup;
			children = (
				8675B4601E71AED50011CD19 /* Common */,
				867844521E710AB400177660 /* Node */,
			);
			name = View;
			sourceTree = "<group>";
		};
		867844171E70FA1200177660 /* ViewModel */ = {
			isa = PBXGroup;
			children = (
				8678442F1E70FF5B00177660 /* Node */,
				8678442E1E70FF5200177660 /* Common */,
			);
			name = ViewModel;
			sourceTree = "<group>";
		};
		867844181E70FA1800177660 /* Model */ = {
			isa = PBXGroup;
			children = (
				864921DB1E72540800D6547E /* Common */,
				8678444D1E71086300177660 /* Node */,
				86B861201E71464800BC22C6 /* ShareBoardItem.swift */,
			);
			name = Model;
			sourceTree = "<group>";
		};
		867844191E70FA2900177660 /* Other */ = {
			isa = PBXGroup;
			children = (
				867843FF1E70432900177660 /* AppDelegate.swift */,
				867844081E70432900177660 /* LaunchScreen.storyboard */,
				867844061E70432900177660 /* Assets.xcassets */,
				8678440B1E70432900177660 /* Info.plist */,
				867844111E70631C00177660 /* DGNode-Bridging-Header.h */,
			);
			name = Other;
			sourceTree = "<group>";
		};
		8678441A1E70FA3400177660 /* Extension */ = {
			isa = PBXGroup;
			children = (
				8678441B1E70FA7F00177660 /* UIView+Frame.swift */,
				8678441D1E70FC1E00177660 /* UIImage+Color.swift */,
				867844501E7109B500177660 /* UITableView+Extension.swift */,
				864921F51E731E9D00D6547E /* UIBarButtonItem+Reactive.swift */,
			);
			name = Extension;
			sourceTree = "<group>";
		};
		8678441F1E70FD4300177660 /* Common */ = {
			isa = PBXGroup;
			children = (
				867844011E70432900177660 /* DGViewController.swift */,
				867844201E70FD7300177660 /* DGTabBarController.swift */,
				86B8611A1E7143CD00BC22C6 /* DGImagePickerController.swift */,
				8675B45C1E716B6E0011CD19 /* DGAlertController.swift */,
			);
			name = Common;
			sourceTree = "<group>";
		};
		867844221E70FD7C00177660 /* Node */ = {
			isa = PBXGroup;
			children = (
				867844231E70FE6C00177660 /* NodeListViewController.swift */,
				867844591E71203700177660 /* NodeDetailViewController.swift */,
				86B861241E714D5400BC22C6 /* NodeEditViewController.swift */,
			);
			name = Node;
			sourceTree = "<group>";
		};
		867844251E70FE8600177660 /* Service */ = {
			isa = PBXGroup;
			children = (
				867844261E70FEAA00177660 /* ViewModelService.swift */,
				867844281E70FEC300177660 /* ViewModelServiceImpl.swift */,
				867844341E71045F00177660 /* Service.swift */,
			);
			name = Service;
			sourceTree = "<group>";
		};
		8678442E1E70FF5200177660 /* Common */ = {
			isa = PBXGroup;
			children = (
				8678442A1E70FEE600177660 /* ViewModelProtocol.swift */,
				867844551E710C0D00177660 /* DGTabBarViewModel.swift */,
				86B8611C1E7143F000BC22C6 /* DGImagePickerViewModel.swift */,
				8675B45E1E716B970011CD19 /* DGAlertViewModel.swift */,
			);
			name = Common;
			sourceTree = "<group>";
		};
		8678442F1E70FF5B00177660 /* Node */ = {
			isa = PBXGroup;
			children = (
				867844301E70FF6D00177660 /* NodeListViewModel.swift */,
				8678445B1E71204C00177660 /* NodeDetailViewModel.swift */,
				86B861261E714D6E00BC22C6 /* NodeEditViewModel.swift */,
			);
			name = Node;
			sourceTree = "<group>";
		};
		8678444D1E71086300177660 /* Node */ = {
			isa = PBXGroup;
			children = (
				8678444E1E71089700177660 /* NodeModel.swift */,
			);
			name = Node;
			sourceTree = "<group>";
		};
		867844521E710AB400177660 /* Node */ = {
			isa = PBXGroup;
			children = (
				867844531E710AC500177660 /* NodeListTableViewCell.swift */,
				867844571E711C2F00177660 /* NodeListHeaderView.swift */,
				8678445D1E71287200177660 /* NodeDetailView.swift */,
				8678445F1E7128A300177660 /* NodeHeadImageView.swift */,
				867844611E712F6400177660 /* NodeDetailActionButtonsView.swift */,
				86B861221E71465900BC22C6 /* ShareBoardView.swift */,
				8675B4631E71BCE80011CD19 /* NodeToolBarView.swift */,
				864921DE1E72A9BF00D6547E /* NodeTextParser.swift */,
				864921F91E7546A800D6547E /* NodeTextView.swift */,
				86544C651E763C060018679A /* NodeHeadImageTableViewCell.swift */,
				86544C671E763C820018679A /* NodeEditTableViewCell.swift */,
			);
			name = Node;
			sourceTree = "<group>";
		};
/* End PBXGroup section */

/* Begin PBXNativeTarget section */
		867843FB1E70432900177660 /* DGNode */ = {
			isa = PBXNativeTarget;
			buildConfigurationList = 8678440E1E70432900177660 /* Build configuration list for PBXNativeTarget "DGNode" */;
			buildPhases = (
				0F6212DF33DA1A7ACF85CE39 /* [CP] Check Pods Manifest.lock */,
				867843F81E70432900177660 /* Sources */,
				867843F91E70432900177660 /* Frameworks */,
				867843FA1E70432900177660 /* Resources */,
				D501E4691FD9B70566E6079F /* [CP] Embed Pods Frameworks */,
				3189B000E4B9C7D8278A427D /* [CP] Copy Pods Resources */,
				8678444C1E71067000177660 /* ShellScript */,
			);
			buildRules = (
			);
			dependencies = (
			);
			name = DGNode;
			productName = DGNode;
			productReference = 867843FC1E70432900177660 /* DGNode.app */;
			productType = "com.apple.product-type.application";
		};
/* End PBXNativeTarget section */

/* Begin PBXProject section */
		867843F41E70432900177660 /* Project object */ = {
			isa = PBXProject;
			attributes = {
				LastSwiftUpdateCheck = 0820;
				LastUpgradeCheck = 0820;
				ORGANIZATIONNAME = DSKcpp;
				TargetAttributes = {
					867843FB1E70432900177660 = {
						CreatedOnToolsVersion = 8.2;
						DevelopmentTeam = A9QWHSB535;
						LastSwiftMigration = 0820;
						ProvisioningStyle = Automatic;
					};
				};
			};
			buildConfigurationList = 867843F71E70432900177660 /* Build configuration list for PBXProject "DGNode" */;
			compatibilityVersion = "Xcode 3.2";
			developmentRegion = English;
			hasScannedForEncodings = 0;
			knownRegions = (
				en,
				Base,
			);
			mainGroup = 867843F31E70432900177660;
			productRefGroup = 867843FD1E70432900177660 /* Products */;
			projectDirPath = "";
			projectRoot = "";
			targets = (
				867843FB1E70432900177660 /* DGNode */,
			);
		};
/* End PBXProject section */

/* Begin PBXResourcesBuildPhase section */
		867843FA1E70432900177660 /* Resources */ = {
			isa = PBXResourcesBuildPhase;
			buildActionMask = 2147483647;
			files = (
				8678440A1E70432900177660 /* LaunchScreen.storyboard in Resources */,
				867844071E70432900177660 /* Assets.xcassets in Resources */,
			);
			runOnlyForDeploymentPostprocessing = 0;
		};
/* End PBXResourcesBuildPhase section */

/* Begin PBXShellScriptBuildPhase section */
		0F6212DF33DA1A7ACF85CE39 /* [CP] Check Pods Manifest.lock */ = {
			isa = PBXShellScriptBuildPhase;
			buildActionMask = 2147483647;
			files = (
			);
			inputPaths = (
			);
			name = "[CP] Check Pods Manifest.lock";
			outputPaths = (
			);
			runOnlyForDeploymentPostprocessing = 0;
			shellPath = /bin/sh;
			shellScript = "diff \"${PODS_ROOT}/../Podfile.lock\" \"${PODS_ROOT}/Manifest.lock\" > /dev/null\nif [ $? != 0 ] ; then\n    # print error to STDERR\n    echo \"error: The sandbox is not in sync with the Podfile.lock. Run 'pod install' or update your CocoaPods installation.\" >&2\n    exit 1\nfi\n";
			showEnvVarsInLog = 0;
		};
		3189B000E4B9C7D8278A427D /* [CP] Copy Pods Resources */ = {
			isa = PBXShellScriptBuildPhase;
			buildActionMask = 2147483647;
			files = (
			);
			inputPaths = (
			);
			name = "[CP] Copy Pods Resources";
			outputPaths = (
			);
			runOnlyForDeploymentPostprocessing = 0;
			shellPath = /bin/sh;
			shellScript = "\"${SRCROOT}/Pods/Target Support Files/Pods-DGNode/Pods-DGNode-resources.sh\"\n";
			showEnvVarsInLog = 0;
		};
		8678444C1E71067000177660 /* ShellScript */ = {
			isa = PBXShellScriptBuildPhase;
			buildActionMask = 2147483647;
			files = (
			);
			inputPaths = (
				"$(SRCROOT)/Carthage/Build/iOS/Result.framework",
				"$(SRCROOT)/Carthage/Build/iOS/ReactiveCocoa.framework",
				"$(SRCROOT)/Carthage/Build/iOS/ReactiveSwift.framework",
				"$(SRCROOT)/Carthage/Build/iOS/TBActionSheetKit.framework",
				"$(SRCROOT)/Carthage/Build/iOS/PureLayout.framework",
				"$(SRCROOT)/Carthage/Build/iOS/SVProgressHUD.framework",
				"$(SRCROOT)/Carthage/Build/iOS/SwiftHEXColors.framework",
				"$(SRCROOT)/Carthage/Build/iOS/YYText.framework",
			);
			outputPaths = (
			);
			runOnlyForDeploymentPostprocessing = 0;
			shellPath = /bin/sh;
			shellScript = "/usr/local/bin/carthage copy-frameworks";
		};
		D501E4691FD9B70566E6079F /* [CP] Embed Pods Frameworks */ = {
			isa = PBXShellScriptBuildPhase;
			buildActionMask = 2147483647;
			files = (
			);
			inputPaths = (
			);
			name = "[CP] Embed Pods Frameworks";
			outputPaths = (
			);
			runOnlyForDeploymentPostprocessing = 0;
			shellPath = /bin/sh;
			shellScript = "\"${SRCROOT}/Pods/Target Support Files/Pods-DGNode/Pods-DGNode-frameworks.sh\"\n";
			showEnvVarsInLog = 0;
		};
/* End PBXShellScriptBuildPhase section */

/* Begin PBXSourcesBuildPhase section */
		867843F81E70432900177660 /* Sources */ = {
			isa = PBXSourcesBuildPhase;
			buildActionMask = 2147483647;
			files = (
				8678445A1E71203700177660 /* NodeDetailViewController.swift in Sources */,
				8678445E1E71287200177660 /* NodeDetailView.swift in Sources */,
				864921DD1E72541E00D6547E /* DGDataModel.swift in Sources */,
				86B8611D1E7143F000BC22C6 /* DGImagePickerViewModel.swift in Sources */,
				864921DF1E72A9BF00D6547E /* NodeTextParser.swift in Sources */,
				864921F61E731E9D00D6547E /* UIBarButtonItem+Reactive.swift in Sources */,
				867844021E70432900177660 /* DGViewController.swift in Sources */,
				8675B45D1E716B6E0011CD19 /* DGAlertController.swift in Sources */,
				8678441E1E70FC1E00177660 /* UIImage+Color.swift in Sources */,
				867844001E70432900177660 /* AppDelegate.swift in Sources */,
				8678444F1E71089700177660 /* NodeModel.swift in Sources */,
				867844211E70FD7300177660 /* DGTabBarController.swift in Sources */,
				86B861251E714D5400BC22C6 /* NodeEditViewController.swift in Sources */,
				864921FA1E7546A800D6547E /* NodeTextView.swift in Sources */,
				86B861211E71464800BC22C6 /* ShareBoardItem.swift in Sources */,
				867844351E71045F00177660 /* Service.swift in Sources */,
				867844541E710AC500177660 /* NodeListTableViewCell.swift in Sources */,
				867844561E710C0D00177660 /* DGTabBarViewModel.swift in Sources */,
				86B861271E714D6E00BC22C6 /* NodeEditViewModel.swift in Sources */,
				8675B4641E71BCE90011CD19 /* NodeToolBarView.swift in Sources */,
				86544C681E763C820018679A /* NodeEditTableViewCell.swift in Sources */,
				867844621E712F6400177660 /* NodeDetailActionButtonsView.swift in Sources */,
				867844291E70FEC300177660 /* ViewModelServiceImpl.swift in Sources */,
				867844581E711C2F00177660 /* NodeListHeaderView.swift in Sources */,
				867844601E7128A300177660 /* NodeHeadImageView.swift in Sources */,
				8678445C1E71204C00177660 /* NodeDetailViewModel.swift in Sources */,
				86544C661E763C060018679A /* NodeHeadImageTableViewCell.swift in Sources */,
				867844241E70FE6C00177660 /* NodeListViewController.swift in Sources */,
				867844511E7109B500177660 /* UITableView+Extension.swift in Sources */,
				8675B45F1E716B970011CD19 /* DGAlertViewModel.swift in Sources */,
				86B861231E71465900BC22C6 /* ShareBoardView.swift in Sources */,
				86B8611B1E7143CD00BC22C6 /* DGImagePickerController.swift in Sources */,
				867844311E70FF6D00177660 /* NodeListViewModel.swift in Sources */,
				8678441C1E70FA7F00177660 /* UIView+Frame.swift in Sources */,
				867844271E70FEAA00177660 /* ViewModelService.swift in Sources */,
				8678442B1E70FEE600177660 /* ViewModelProtocol.swift in Sources */,
			);
			runOnlyForDeploymentPostprocessing = 0;
		};
/* End PBXSourcesBuildPhase section */

/* Begin PBXVariantGroup section */
		867844081E70432900177660 /* LaunchScreen.storyboard */ = {
			isa = PBXVariantGroup;
			children = (
				867844091E70432900177660 /* Base */,
			);
			name = LaunchScreen.storyboard;
			sourceTree = "<group>";
		};
/* End PBXVariantGroup section */

/* Begin XCBuildConfiguration section */
		8678440C1E70432900177660 /* Debug */ = {
			isa = XCBuildConfiguration;
			buildSettings = {
				ALWAYS_SEARCH_USER_PATHS = NO;
				CLANG_ANALYZER_NONNULL = YES;
				CLANG_CXX_LANGUAGE_STANDARD = "gnu++0x";
				CLANG_CXX_LIBRARY = "libc++";
				CLANG_ENABLE_MODULES = YES;
				CLANG_ENABLE_OBJC_ARC = YES;
				CLANG_WARN_BOOL_CONVERSION = YES;
				CLANG_WARN_CONSTANT_CONVERSION = YES;
				CLANG_WARN_DIRECT_OBJC_ISA_USAGE = YES_ERROR;
				CLANG_WARN_DOCUMENTATION_COMMENTS = YES;
				CLANG_WARN_EMPTY_BODY = YES;
				CLANG_WARN_ENUM_CONVERSION = YES;
				CLANG_WARN_INFINITE_RECURSION = YES;
				CLANG_WARN_INT_CONVERSION = YES;
				CLANG_WARN_OBJC_ROOT_CLASS = YES_ERROR;
				CLANG_WARN_SUSPICIOUS_MOVE = YES;
				CLANG_WARN_UNREACHABLE_CODE = YES;
				CLANG_WARN__DUPLICATE_METHOD_MATCH = YES;
				"CODE_SIGN_IDENTITY[sdk=iphoneos*]" = "iPhone Developer";
				COPY_PHASE_STRIP = NO;
				DEBUG_INFORMATION_FORMAT = dwarf;
				ENABLE_STRICT_OBJC_MSGSEND = YES;
				ENABLE_TESTABILITY = YES;
				GCC_C_LANGUAGE_STANDARD = gnu99;
				GCC_DYNAMIC_NO_PIC = NO;
				GCC_NO_COMMON_BLOCKS = YES;
				GCC_OPTIMIZATION_LEVEL = 0;
				GCC_PREPROCESSOR_DEFINITIONS = (
					"DEBUG=1",
					"$(inherited)",
				);
				GCC_WARN_64_TO_32_BIT_CONVERSION = YES;
				GCC_WARN_ABOUT_RETURN_TYPE = YES_ERROR;
				GCC_WARN_UNDECLARED_SELECTOR = YES;
				GCC_WARN_UNINITIALIZED_AUTOS = YES_AGGRESSIVE;
				GCC_WARN_UNUSED_FUNCTION = YES;
				GCC_WARN_UNUSED_VARIABLE = YES;
				IPHONEOS_DEPLOYMENT_TARGET = 10.0;
				MTL_ENABLE_DEBUG_INFO = YES;
				ONLY_ACTIVE_ARCH = YES;
				SDKROOT = iphoneos;
				SWIFT_ACTIVE_COMPILATION_CONDITIONS = DEBUG;
				SWIFT_OPTIMIZATION_LEVEL = "-Onone";
				TARGETED_DEVICE_FAMILY = "1,2";
			};
			name = Debug;
		};
		8678440D1E70432900177660 /* Release */ = {
			isa = XCBuildConfiguration;
			buildSettings = {
				ALWAYS_SEARCH_USER_PATHS = NO;
				CLANG_ANALYZER_NONNULL = YES;
				CLANG_CXX_LANGUAGE_STANDARD = "gnu++0x";
				CLANG_CXX_LIBRARY = "libc++";
				CLANG_ENABLE_MODULES = YES;
				CLANG_ENABLE_OBJC_ARC = YES;
				CLANG_WARN_BOOL_CONVERSION = YES;
				CLANG_WARN_CONSTANT_CONVERSION = YES;
				CLANG_WARN_DIRECT_OBJC_ISA_USAGE = YES_ERROR;
				CLANG_WARN_DOCUMENTATION_COMMENTS = YES;
				CLANG_WARN_EMPTY_BODY = YES;
				CLANG_WARN_ENUM_CONVERSION = YES;
				CLANG_WARN_INFINITE_RECURSION = YES;
				CLANG_WARN_INT_CONVERSION = YES;
				CLANG_WARN_OBJC_ROOT_CLASS = YES_ERROR;
				CLANG_WARN_SUSPICIOUS_MOVE = YES;
				CLANG_WARN_UNREACHABLE_CODE = YES;
				CLANG_WARN__DUPLICATE_METHOD_MATCH = YES;
				"CODE_SIGN_IDENTITY[sdk=iphoneos*]" = "iPhone Developer";
				COPY_PHASE_STRIP = NO;
				DEBUG_INFORMATION_FORMAT = "dwarf-with-dsym";
				ENABLE_NS_ASSERTIONS = NO;
				ENABLE_STRICT_OBJC_MSGSEND = YES;
				GCC_C_LANGUAGE_STANDARD = gnu99;
				GCC_NO_COMMON_BLOCKS = YES;
				GCC_WARN_64_TO_32_BIT_CONVERSION = YES;
				GCC_WARN_ABOUT_RETURN_TYPE = YES_ERROR;
				GCC_WARN_UNDECLARED_SELECTOR = YES;
				GCC_WARN_UNINITIALIZED_AUTOS = YES_AGGRESSIVE;
				GCC_WARN_UNUSED_FUNCTION = YES;
				GCC_WARN_UNUSED_VARIABLE = YES;
				IPHONEOS_DEPLOYMENT_TARGET = 10.0;
				MTL_ENABLE_DEBUG_INFO = NO;
				SDKROOT = iphoneos;
				SWIFT_OPTIMIZATION_LEVEL = "-Owholemodule";
				TARGETED_DEVICE_FAMILY = "1,2";
				VALIDATE_PRODUCT = YES;
			};
			name = Release;
		};
		8678440F1E70432900177660 /* Debug */ = {
			isa = XCBuildConfiguration;
			baseConfigurationReference = 33858D484A3D94C8F9C4FFCF /* Pods-DGNode.debug.xcconfig */;
			buildSettings = {
				ASSETCATALOG_COMPILER_APPICON_NAME = AppIcon;
				CLANG_ENABLE_MODULES = YES;
				DEVELOPMENT_TEAM = A9QWHSB535;
				FRAMEWORK_SEARCH_PATHS = (
					"$(inherited)",
					"$(PROJECT_DIR)/Carthage/Build/iOS",
				);
				GCC_PREPROCESSOR_DEFINITIONS = (
					"$(inherited)",
					"COCOAPODS=1",
				);
				INFOPLIST_FILE = DGNode/Info.plist;
				LD_RUNPATH_SEARCH_PATHS = "$(inherited) @executable_path/Frameworks";
				PRODUCT_BUNDLE_IDENTIFIER = in.dagong.DGNode;
				PRODUCT_NAME = "$(TARGET_NAME)";
				SWIFT_OBJC_BRIDGING_HEADER = "DGNode/DGNode-Bridging-Header.h";
				SWIFT_OPTIMIZATION_LEVEL = "-Onone";
				SWIFT_VERSION = 3.0;
			};
			name = Debug;
		};
		867844101E70432900177660 /* Release */ = {
			isa = XCBuildConfiguration;
			baseConfigurationReference = B73DB72CD68CA64A26F492B7 /* Pods-DGNode.release.xcconfig */;
			buildSettings = {
				ASSETCATALOG_COMPILER_APPICON_NAME = AppIcon;
				CLANG_ENABLE_MODULES = YES;
				DEVELOPMENT_TEAM = A9QWHSB535;
				FRAMEWORK_SEARCH_PATHS = (
					"$(inherited)",
					"$(PROJECT_DIR)/Carthage/Build/iOS",
				);
				GCC_PREPROCESSOR_DEFINITIONS = (
					"$(inherited)",
					"COCOAPODS=1",
				);
				INFOPLIST_FILE = DGNode/Info.plist;
				LD_RUNPATH_SEARCH_PATHS = "$(inherited) @executable_path/Frameworks";
				PRODUCT_BUNDLE_IDENTIFIER = in.dagong.DGNode;
				PRODUCT_NAME = "$(TARGET_NAME)";
				SWIFT_OBJC_BRIDGING_HEADER = "DGNode/DGNode-Bridging-Header.h";
				SWIFT_VERSION = 3.0;
			};
			name = Release;
		};
/* End XCBuildConfiguration section */

/* Begin XCConfigurationList section */
		867843F71E70432900177660 /* Build configuration list for PBXProject "DGNode" */ = {
			isa = XCConfigurationList;
			buildConfigurations = (
				8678440C1E70432900177660 /* Debug */,
				8678440D1E70432900177660 /* Release */,
			);
			defaultConfigurationIsVisible = 0;
			defaultConfigurationName = Release;
		};
		8678440E1E70432900177660 /* Build configuration list for PBXNativeTarget "DGNode" */ = {
			isa = XCConfigurationList;
			buildConfigurations = (
				8678440F1E70432900177660 /* Debug */,
				867844101E70432900177660 /* Release */,
			);
			defaultConfigurationIsVisible = 0;
			defaultConfigurationName = Release;
		};
/* End XCConfigurationList section */
	};
	rootObject = 867843F41E70432900177660 /* Project object */;
}
